
Microsoft Visual Studio Solution File, Format Version 12.00
# Visual Studio Version 16
VisualStudioVersion = 16.0.31829.152
MinimumVisualStudioVersion = 10.0.40219.1
Project("{8BC9CEB8-8B4A-11D0-8D11-00A0C91BC942}") = "TetgenWrapper", "TetgenWrapper\TetgenWrapper.vcxproj", "{0328BB27-95D4-4167-8693-2DD414ED8AD1}"
EndProject
Project("{FAE04EC0-301F-11D3-BF4B-00C04F79EFBC}") = "TetgenSharp", "TetgenSharp\TetgenSharp.csproj", "{784496F4-E95A-4D69-85D2-4924BF6236FA}"
	ProjectSection(ProjectDependencies) = postProject
		{0328BB27-95D4-4167-8693-2DD414ED8AD1} = {0328BB27-95D4-4167-8693-2DD414ED8AD1}
	EndProjectSection
EndProject
Project("{FAE04EC0-301F-11D3-BF4B-00C04F79EFBC}") = "TetrinoTest", "TetrinoTest\TetrinoTest.csproj", "{A759D5C2-A6C2-4E8E-AAD2-7079349A12A7}"
EndProject
Project("{FAE04EC0-301F-11D3-BF4B-00C04F79EFBC}") = "TetgenRC", "TetgenRC\TetgenRC.csproj", "{CE4424E1-473F-4DF9-9162-A570B99B7E07}"
EndProject
Project("{FAE04EC0-301F-11D3-BF4B-00C04F79EFBC}") = "TetgenGH", "TetgenGH\TetgenGH.csproj", "{BB1F0EAF-6A83-4F7F-A32E-B00D8BB0C640}"
EndProject
Global
	GlobalSection(SolutionConfigurationPlatforms) = preSolution
		Debug|x64 = Debug|x64
		Release|x64 = Release|x64
	EndGlobalSection
	GlobalSection(ProjectConfigurationPlatforms) = postSolution
		{0328BB27-95D4-4167-8693-2DD414ED8AD1}.Debug|x64.ActiveCfg = Debug|x64
		{0328BB27-95D4-4167-8693-2DD414ED8AD1}.Debug|x64.Build.0 = Debug|x64
		{0328BB27-95D4-4167-8693-2DD414ED8AD1}.Release|x64.ActiveCfg = Release|x64
		{0328BB27-95D4-4167-8693-2DD414ED8AD1}.Release|x64.Build.0 = Release|x64
		{784496F4-E95A-4D69-85D2-4924BF6236FA}.Debug|x64.ActiveCfg = Debug|x64
		{784496F4-E95A-4D69-85D2-4924BF6236FA}.Debug|x64.Build.0 = Debug|x64
		{784496F4-E95A-4D69-85D2-4924BF6236FA}.Release|x64.ActiveCfg = Release|x64
		{784496F4-E95A-4D69-85D2-4924BF6236FA}.Release|x64.Build.0 = Release|x64
		{A759D5C2-A6C2-4E8E-AAD2-7079349A12A7}.Debug|x64.ActiveCfg = Debug|x64
		{A759D5C2-A6C2-4E8E-AAD2-7079349A12A7}.Release|x64.ActiveCfg = Release|x64
		{A759D5C2-A6C2-4E8E-AAD2-7079349A12A7}.Release|x64.Build.0 = Release|x64
		{CE4424E1-473F-4DF9-9162-A570B99B7E07}.Debug|x64.ActiveCfg = Debug|x64
		{CE4424E1-473F-4DF9-9162-A570B99B7E07}.Debug|x64.Build.0 = Debug|x64
		{CE4424E1-473F-4DF9-9162-A570B99B7E07}.Release|x64.ActiveCfg = Release|x64
		{CE4424E1-473F-4DF9-9162-A570B99B7E07}.Release|x64.Build.0 = Release|x64
		{BB1F0EAF-6A83-4F7F-A32E-B00D8BB0C640}.Debug|x64.ActiveCfg = Debug|x64
		{BB1F0EAF-6A83-4F7F-A32E-B00D8BB0C640}.Debug|x64.Build.0 = Debug|x64
		{BB1F0EAF-6A83-4F7F-A32E-B00D8BB0C640}.Release|x64.ActiveCfg = Release|x64
		{BB1F0EAF-6A83-4F7F-A32E-B00D8BB0C640}.Release|x64.Build.0 = Release|x64
	EndGlobalSection
	GlobalSection(SolutionProperties) = preSolution
		HideSolutionNode = FALSE
	EndGlobalSection
	GlobalSection(ExtensibilityGlobals) = postSolution
		SolutionGuid = {2BB04B7E-93A5-4096-92CC-C38BBD1DD3E7}
	EndGlobalSection
EndGlobal
